
Microsoft Visual Studio Solution File, Format Version 12.00
# Visual Studio Version 17
VisualStudioVersion = 17.3.32825.248
MinimumVisualStudioVersion = 10.0.40219.1
Project("{FAE04EC0-301F-11D3-BF4B-00C04F79EFBC}") = "DemoT3", "DemoT3\DemoT3.csproj", "{6833A481-AA1F-45B9-95CB-82780493E325}"
EndProject
Global
	GlobalSection(SolutionConfigurationPlatforms) = preSolution
		Debug|Any CPU = Debug|Any CPU
		Release|Any CPU = Release|Any CPU
	EndGlobalSection
	GlobalSection(ProjectConfigurationPlatforms) = postSolution
		{6833A481-AA1F-45B9-95CB-82780493E325}.Debug|Any CPU.ActiveCfg = Debug|Any CPU
		{6833A481-AA1F-45B9-95CB-82780493E325}.Debug|Any CPU.Build.0 = Debug|Any CPU
		{6833A481-AA1F-45B9-95CB-82780493E325}.Release|Any CPU.ActiveCfg = Release|Any CPU
		{6833A481-AA1F-45B9-95CB-82780493E325}.Release|Any CPU.Build.0 = Release|Any CPU
	EndGlobalSection
	GlobalSection(SolutionProperties) = preSolution
		HideSolutionNode = FALSE
	EndGlobalSection
	GlobalSection(ExtensibilityGlobals) = postSolution
		SolutionGuid = {58FF29C9-552F-43AF-81D1-1255A86E65DB}
	EndGlobalSection
EndGlobal
